{
  "version": 1,
  "dependencies": {
    "net8.0-windows7.0": {
      "DalamudPackager": {
        "type": "Direct",
        "requested": "[11.0.0, )",
        "resolved": "11.0.0",
        "contentHash": "bjT7XUlhIJSmsE/O76b7weUX+evvGQctbQB8aKXt94o+oPWxHpCepxAGMs7Thow3AzCyqWs7cOpp9/2wcgRRQA=="
      },
      "Flurl.Http": {
        "type": "Direct",
        "requested": "[4.0.2, )",
        "resolved": "4.0.2",
        "contentHash": "9vCqFFyceA11yplkFD8AbCFFTvG1Lrw3tpsgOpL5sLUc28p6zcvGszNleuT6nDymRvtt5eS+rqUX+bRztg1fhA==",
        "dependencies": {
          "Flurl": "4.0.0"
        }
      },
      "Flurl": {
        "type": "Transitive",
        "resolved": "4.0.0",
        "contentHash": "rpts69yYgvJqg6PPgqShBQEZ4aNzWQqWpWppcT0oDWxDCIsBqiod4pj6LQZdhk+1OozLFagemldMRACdHF3CsA=="
      }
    }
  }
}