{
  "version": 1,
  "dependencies": {
    "net7.0-windows7.0": {
      "DalamudPackager": {
        "type": "Direct",
        "requested": "[2.1.10, )",
        "resolved": "2.1.10",
        "contentHash": "S6NrvvOnLgT4GDdgwuKVJjbFo+8ZEj+JsEYk9ojjOR/MMfv1dIFpT8aRJQfI24rtDcw1uF+GnSSMN4WW1yt7fw=="
      },
      "Flurl.Http": {
        "type": "Direct",
        "requested": "[3.2.4, )",
        "resolved": "3.2.4",
        "contentHash": "Me9Vm4Lm21vt/pbR0G2Dww/ZOjJgh6mB2FiH28aiUYStJD10ZecDp8jxg2zKxcy6lnkvLm99pjG4yC/k7a/d8w==",
        "dependencies": {
          "Flurl": "3.0.6",
          "Newtonsoft.Json": "12.0.2",
          "System.Text.Encoding.CodePages": "4.5.1"
        }
      },
      "Flurl": {
        "type": "Transitive",
        "resolved": "3.0.6",
        "contentHash": "XMIlB/tJ4nTYF2+79xDsnnlgbXHpKyizKX2fffrECekI6pEsa9MSLzf5tPVMdLy4k4AcJPLs356Sa2Le5VRDCw=="
      },
      "Microsoft.NETCore.Platforms": {
        "type": "Transitive",
        "resolved": "2.1.2",
        "contentHash": "mOJy3M0UN+LUG21dLGMxaWZEP6xYpQEpLuvuEQBaownaX4YuhH6NmNUlN9si+vNkAS6dwJ//N1O4DmLf2CikVg=="
      },
      "Newtonsoft.Json": {
        "type": "Transitive",
        "resolved": "12.0.2",
        "contentHash": "rTK0s2EKlfHsQsH6Yx2smvcTCeyoDNgCW7FEYyV01drPlh2T243PR2DiDXqtC5N4GDm4Ma/lkxfW5a/4793vbA=="
      },
      "System.Runtime.CompilerServices.Unsafe": {
        "type": "Transitive",
        "resolved": "4.5.2",
        "contentHash": "wprSFgext8cwqymChhrBLu62LMg/1u92bU+VOwyfBimSPVFXtsNqEWC92Pf9ofzJFlk4IHmJA75EDJn1b2goAQ=="
      },
      "System.Text.Encoding.CodePages": {
        "type": "Transitive",
        "resolved": "4.5.1",
        "contentHash": "4J2JQXbftjPMppIHJ7IC+VXQ9XfEagN92vZZNoG12i+zReYlim5dMoXFC1Zzg7tsnKDM7JPo5bYfFK4Jheq44w==",
        "dependencies": {
          "Microsoft.NETCore.Platforms": "2.1.2",
          "System.Runtime.CompilerServices.Unsafe": "4.5.2"
        }
      }
    }
  }
}